// !$*UTF8*$!
{
	archiveVersion = 1;
	classes = {
	};
	objectVersion = 50;
	objects = {

/* Begin PBXBuildFile section */
		9E0AC56D259E510800CC7451 /* AppDelegate.swift in Sources */ = {isa = PBXBuildFile; fileRef = 9E0AC56C259E510800CC7451 /* AppDelegate.swift */; };
		9E0AC56F259E510800CC7451 /* SceneDelegate.swift in Sources */ = {isa = PBXBuildFile; fileRef = 9E0AC56E259E510800CC7451 /* SceneDelegate.swift */; };
		9E0AC571259E510800CC7451 /* ViewController.swift in Sources */ = {isa = PBXBuildFile; fileRef = 9E0AC570259E510800CC7451 /* ViewController.swift */; };
		9E0AC574259E510800CC7451 /* Main.storyboard in Resources */ = {isa = PBXBuildFile; fileRef = 9E0AC572259E510800CC7451 /* Main.storyboard */; };
		9E0AC576259E510900CC7451 /* Assets.xcassets in Resources */ = {isa = PBXBuildFile; fileRef = 9E0AC575259E510900CC7451 /* Assets.xcassets */; };
		9E0AC579259E510900CC7451 /* LaunchScreen.storyboard in Resources */ = {isa = PBXBuildFile; fileRef = 9E0AC577259E510900CC7451 /* LaunchScreen.storyboard */; };
		9E0AC584259E510900CC7451 /* Preword_ProjectTests.swift in Sources */ = {isa = PBXBuildFile; fileRef = 9E0AC583259E510900CC7451 /* Preword_ProjectTests.swift */; };
		9E0AC58F259E510900CC7451 /* Preword_ProjectUITests.swift in Sources */ = {isa = PBXBuildFile; fileRef = 9E0AC58E259E510900CC7451 /* Preword_ProjectUITests.swift */; };
/* End PBXBuildFile section */

/* Begin PBXContainerItemProxy section */
		9E0AC580259E510900CC7451 /* PBXContainerItemProxy */ = {
			isa = PBXContainerItemProxy;
			containerPortal = 9E0AC561259E510800CC7451 /* Project object */;
			proxyType = 1;
			remoteGlobalIDString = 9E0AC568259E510800CC7451;
			remoteInfo = "Preword Project";
		};
		9E0AC58B259E510900CC7451 /* PBXContainerItemProxy */ = {
			isa = PBXContainerItemProxy;
			containerPortal = 9E0AC561259E510800CC7451 /* Project object */;
			proxyType = 1;
			remoteGlobalIDString = 9E0AC568259E510800CC7451;
			remoteInfo = "Preword Project";
		};
/* End PBXContainerItemProxy section */

/* Begin PBXFileReference section */
		9E0AC569259E510800CC7451 /* Preword Project.app */ = {isa = PBXFileReference; explicitFileType = wrapper.application; includeInIndex = 0; path = "Preword Project.app"; sourceTree = BUILT_PRODUCTS_DIR; };
		9E0AC56C259E510800CC7451 /* AppDelegate.swift */ = {isa = PBXFileReference; lastKnownFileType = sourcecode.swift; path = AppDelegate.swift; sourceTree = "<group>"; };
		9E0AC56E259E510800CC7451 /* SceneDelegate.swift */ = {isa = PBXFileReference; lastKnownFileType = sourcecode.swift; path = SceneDelegate.swift; sourceTree = "<group>"; };
		9E0AC570259E510800CC7451 /* ViewController.swift */ = {isa = PBXFileReference; lastKnownFileType = sourcecode.swift; path = ViewController.swift; sourceTree = "<group>"; };
		9E0AC573259E510800CC7451 /* Base */ = {isa = PBXFileReference; lastKnownFileType = file.storyboard; name = Base; path = Base.lproj/Main.storyboard; sourceTree = "<group>"; };
		9E0AC575259E510900CC7451 /* Assets.xcassets */ = {isa = PBXFileReference; lastKnownFileType = folder.assetcatalog; path = Assets.xcassets; sourceTree = "<group>"; };
		9E0AC578259E510900CC7451 /* Base */ = {isa = PBXFileReference; lastKnownFileType = file.storyboard; name = Base; path = Base.lproj/LaunchScreen.storyboard; sourceTree = "<group>"; };
		9E0AC57A259E510900CC7451 /* Info.plist */ = {isa = PBXFileReference; lastKnownFileType = text.plist.xml; path = Info.plist; sourceTree = "<group>"; };
		9E0AC57F259E510900CC7451 /* Preword ProjectTests.xctest */ = {isa = PBXFileReference; explicitFileType = wrapper.cfbundle; includeInIndex = 0; path = "Preword ProjectTests.xctest"; sourceTree = BUILT_PRODUCTS_DIR; };
		9E0AC583259E510900CC7451 /* Preword_ProjectTests.swift */ = {isa = PBXFileReference; lastKnownFileType = sourcecode.swift; path = Preword_ProjectTests.swift; sourceTree = "<group>"; };
		9E0AC585259E510900CC7451 /* Info.plist */ = {isa = PBXFileReference; lastKnownFileType = text.plist.xml; path = Info.plist; sourceTree = "<group>"; };
		9E0AC58A259E510900CC7451 /* Preword ProjectUITests.xctest */ = {isa = PBXFileReference; explicitFileType = wrapper.cfbundle; includeInIndex = 0; path = "Preword ProjectUITests.xctest"; sourceTree = BUILT_PRODUCTS_DIR; };
		9E0AC58E259E510900CC7451 /* Preword_ProjectUITests.swift */ = {isa = PBXFileReference; lastKnownFileType = sourcecode.swift; path = Preword_ProjectUITests.swift; sourceTree = "<group>"; };
		9E0AC590259E510900CC7451 /* Info.plist */ = {isa = PBXFileReference; lastKnownFileType = text.plist.xml; path = Info.plist; sourceTree = "<group>"; };
/* End PBXFileReference section */

/* Begin PBXFrameworksBuildPhase section */
		9E0AC566259E510800CC7451 /* Frameworks */ = {
			isa = PBXFrameworksBuildPhase;
			buildActionMask = 2147483647;
			files = (
			);
			runOnlyForDeploymentPostprocessing = 0;
		};
		9E0AC57C259E510900CC7451 /* Frameworks */ = {
			isa = PBXFrameworksBuildPhase;
			buildActionMask = 2147483647;
			files = (
			);
			runOnlyForDeploymentPostprocessing = 0;
		};
		9E0AC587259E510900CC7451 /* Frameworks */ = {
			isa = PBXFrameworksBuildPhase;
			buildActionMask = 2147483647;
			files = (
			);
			runOnlyForDeploymentPostprocessing = 0;
		};
/* End PBXFrameworksBuildPhase section */

/* Begin PBXGroup section */
		9E0AC560259E510800CC7451 = {
			isa = PBXGroup;
			children = (
				9E0AC56B259E510800CC7451 /* Preword Project */,
				9E0AC582259E510900CC7451 /* Preword ProjectTests */,
				9E0AC58D259E510900CC7451 /* Preword ProjectUITests */,
				9E0AC56A259E510800CC7451 /* Products */,
			);
			sourceTree = "<group>";
		};
		9E0AC56A259E510800CC7451 /* Products */ = {
			isa = PBXGroup;
			children = (
				9E0AC569259E510800CC7451 /* Preword Project.app */,
				9E0AC57F259E510900CC7451 /* Preword ProjectTests.xctest */,
				9E0AC58A259E510900CC7451 /* Preword ProjectUITests.xctest */,
			);
			name = Products;
			sourceTree = "<group>";
		};
		9E0AC56B259E510800CC7451 /* Preword Project */ = {
			isa = PBXGroup;
			children = (
				9E0AC56C259E510800CC7451 /* AppDelegate.swift */,
				9E0AC56E259E510800CC7451 /* SceneDelegate.swift */,
				9E0AC570259E510800CC7451 /* ViewController.swift */,
				9E0AC572259E510800CC7451 /* Main.storyboard */,
				9E0AC575259E510900CC7451 /* Assets.xcassets */,
				9E0AC577259E510900CC7451 /* LaunchScreen.storyboard */,
				9E0AC57A259E510900CC7451 /* Info.plist */,
			);
			path = "Preword Project";
			sourceTree = "<group>";
		};
		9E0AC582259E510900CC7451 /* Preword ProjectTests */ = {
			isa = PBXGroup;
			children = (
				9E0AC583259E510900CC7451 /* Preword_ProjectTests.swift */,
				9E0AC585259E510900CC7451 /* Info.plist */,
			);
			path = "Preword ProjectTests";
			sourceTree = "<group>";
		};
		9E0AC58D259E510900CC7451 /* Preword ProjectUITests */ = {
			isa = PBXGroup;
			children = (
				9E0AC58E259E510900CC7451 /* Preword_ProjectUITests.swift */,
				9E0AC590259E510900CC7451 /* Info.plist */,
			);
			path = "Preword ProjectUITests";
			sourceTree = "<group>";
		};
/* End PBXGroup section */

/* Begin PBXNativeTarget section */
		9E0AC568259E510800CC7451 /* Preword Project */ = {
			isa = PBXNativeTarget;
			buildConfigurationList = 9E0AC593259E510900CC7451 /* Build configuration list for PBXNativeTarget "Preword Project" */;
			buildPhases = (
				9E0AC565259E510800CC7451 /* Sources */,
				9E0AC566259E510800CC7451 /* Frameworks */,
				9E0AC567259E510800CC7451 /* Resources */,
			);
			buildRules = (
			);
			dependencies = (
			);
			name = "Preword Project";
			productName = "Preword Project";
			productReference = 9E0AC569259E510800CC7451 /* Preword Project.app */;
			productType = "com.apple.product-type.application";
		};
		9E0AC57E259E510900CC7451 /* Preword ProjectTests */ = {
			isa = PBXNativeTarget;
			buildConfigurationList = 9E0AC596259E510900CC7451 /* Build configuration list for PBXNativeTarget "Preword ProjectTests" */;
			buildPhases = (
				9E0AC57B259E510900CC7451 /* Sources */,
				9E0AC57C259E510900CC7451 /* Frameworks */,
				9E0AC57D259E510900CC7451 /* Resources */,
			);
			buildRules = (
			);
			dependencies = (
				9E0AC581259E510900CC7451 /* PBXTargetDependency */,
			);
			name = "Preword ProjectTests";
			productName = "Preword ProjectTests";
			productReference = 9E0AC57F259E510900CC7451 /* Preword ProjectTests.xctest */;
			productType = "com.apple.product-type.bundle.unit-test";
		};
		9E0AC589259E510900CC7451 /* Preword ProjectUITests */ = {
			isa = PBXNativeTarget;
			buildConfigurationList = 9E0AC599259E510900CC7451 /* Build configuration list for PBXNativeTarget "Preword ProjectUITests" */;
			buildPhases = (
				9E0AC586259E510900CC7451 /* Sources */,
				9E0AC587259E510900CC7451 /* Frameworks */,
				9E0AC588259E510900CC7451 /* Resources */,
			);
			buildRules = (
			);
			dependencies = (
				9E0AC58C259E510900CC7451 /* PBXTargetDependency */,
			);
			name = "Preword ProjectUITests";
			productName = "Preword ProjectUITests";
			productReference = 9E0AC58A259E510900CC7451 /* Preword ProjectUITests.xctest */;
			productType = "com.apple.product-type.bundle.ui-testing";
		};
/* End PBXNativeTarget section */

/* Begin PBXProject section */
		9E0AC561259E510800CC7451 /* Project object */ = {
			isa = PBXProject;
			attributes = {
				LastSwiftUpdateCheck = 1230;
				LastUpgradeCheck = 1230;
				TargetAttributes = {
					9E0AC568259E510800CC7451 = {
						CreatedOnToolsVersion = 12.3;
					};
					9E0AC57E259E510900CC7451 = {
						CreatedOnToolsVersion = 12.3;
						TestTargetID = 9E0AC568259E510800CC7451;
					};
					9E0AC589259E510900CC7451 = {
						CreatedOnToolsVersion = 12.3;
						TestTargetID = 9E0AC568259E510800CC7451;
					};
				};
			};
			buildConfigurationList = 9E0AC564259E510800CC7451 /* Build configuration list for PBXProject "Preword Project" */;
			compatibilityVersion = "Xcode 9.3";
			developmentRegion = en;
			hasScannedForEncodings = 0;
			knownRegions = (
				en,
				Base,
			);
			mainGroup = 9E0AC560259E510800CC7451;
			productRefGroup = 9E0AC56A259E510800CC7451 /* Products */;
			projectDirPath = "";
			projectRoot = "";
			targets = (
				9E0AC568259E510800CC7451 /* Preword Project */,
				9E0AC57E259E510900CC7451 /* Preword ProjectTests */,
				9E0AC589259E510900CC7451 /* Preword ProjectUITests */,
			);
		};
/* End PBXProject section */

/* Begin PBXResourcesBuildPhase section */
		9E0AC567259E510800CC7451 /* Resources */ = {
			isa = PBXResourcesBuildPhase;
			buildActionMask = 2147483647;
			files = (
				9E0AC579259E510900CC7451 /* LaunchScreen.storyboard in Resources */,
				9E0AC576259E510900CC7451 /* Assets.xcassets in Resources */,
				9E0AC574259E510800CC7451 /* Main.storyboard in Resources */,
			);
			runOnlyForDeploymentPostprocessing = 0;
		};
		9E0AC57D259E510900CC7451 /* Resources */ = {
			isa = PBXResourcesBuildPhase;
			buildActionMask = 2147483647;
			files = (
			);
			runOnlyForDeploymentPostprocessing = 0;
		};
		9E0AC588259E510900CC7451 /* Resources */ = {
			isa = PBXResourcesBuildPhase;
			buildActionMask = 2147483647;
			files = (
			);
			runOnlyForDeploymentPostprocessing = 0;
		};
/* End PBXResourcesBuildPhase section */

/* Begin PBXSourcesBuildPhase section */
		9E0AC565259E510800CC7451 /* Sources */ = {
			isa = PBXSourcesBuildPhase;
			buildActionMask = 2147483647;
			files = (
				9E0AC571259E510800CC7451 /* ViewController.swift in Sources */,
				9E0AC56D259E510800CC7451 /* AppDelegate.swift in Sources */,
				9E0AC56F259E510800CC7451 /* SceneDelegate.swift in Sources */,
			);
			runOnlyForDeploymentPostprocessing = 0;
		};
		9E0AC57B259E510900CC7451 /* Sources */ = {
			isa = PBXSourcesBuildPhase;
			buildActionMask = 2147483647;
			files = (
				9E0AC584259E510900CC7451 /* Preword_ProjectTests.swift in Sources */,
			);
			runOnlyForDeploymentPostprocessing = 0;
		};
		9E0AC586259E510900CC7451 /* Sources */ = {
			isa = PBXSourcesBuildPhase;
			buildActionMask = 2147483647;
			files = (
				9E0AC58F259E510900CC7451 /* Preword_ProjectUITests.swift in Sources */,
			);
			runOnlyForDeploymentPostprocessing = 0;
		};
/* End PBXSourcesBuildPhase section */

/* Begin PBXTargetDependency section */
		9E0AC581259E510900CC7451 /* PBXTargetDependency */ = {
			isa = PBXTargetDependency;
			target = 9E0AC568259E510800CC7451 /* Preword Project */;
			targetProxy = 9E0AC580259E510900CC7451 /* PBXContainerItemProxy */;
		};
		9E0AC58C259E510900CC7451 /* PBXTargetDependency */ = {
			isa = PBXTargetDependency;
			target = 9E0AC568259E510800CC7451 /* Preword Project */;
			targetProxy = 9E0AC58B259E510900CC7451 /* PBXContainerItemProxy */;
		};
/* End PBXTargetDependency section */

/* Begin PBXVariantGroup section */
		9E0AC572259E510800CC7451 /* Main.storyboard */ = {
			isa = PBXVariantGroup;
			children = (
				9E0AC573259E510800CC7451 /* Base */,
			);
			name = Main.storyboard;
			sourceTree = "<group>";
		};
		9E0AC577259E510900CC7451 /* LaunchScreen.storyboard */ = {
			isa = PBXVariantGroup;
			children = (
				9E0AC578259E510900CC7451 /* Base */,
			);
			name = LaunchScreen.storyboard;
			sourceTree = "<group>";
		};
/* End PBXVariantGroup section */

/* Begin XCBuildConfiguration section */
		9E0AC591259E510900CC7451 /* Debug */ = {
			isa = XCBuildConfiguration;
			buildSettings = {
				ALWAYS_SEARCH_USER_PATHS = NO;
				CLANG_ANALYZER_NONNULL = YES;
				CLANG_ANALYZER_NUMBER_OBJECT_CONVERSION = YES_AGGRESSIVE;
				CLANG_CXX_LANGUAGE_STANDARD = "gnu++14";
				CLANG_CXX_LIBRARY = "libc++";
				CLANG_ENABLE_MODULES = YES;
				CLANG_ENABLE_OBJC_ARC = YES;
				CLANG_ENABLE_OBJC_WEAK = YES;
				CLANG_WARN_BLOCK_CAPTURE_AUTORELEASING = YES;
				CLANG_WARN_BOOL_CONVERSION = YES;
				CLANG_WARN_COMMA = YES;
				CLANG_WARN_CONSTANT_CONVERSION = YES;
				CLANG_WARN_DEPRECATED_OBJC_IMPLEMENTATIONS = YES;
				CLANG_WARN_DIRECT_OBJC_ISA_USAGE = YES_ERROR;
				CLANG_WARN_DOCUMENTATION_COMMENTS = YES;
				CLANG_WARN_EMPTY_BODY = YES;
				CLANG_WARN_ENUM_CONVERSION = YES;
				CLANG_WARN_INFINITE_RECURSION = YES;
				CLANG_WARN_INT_CONVERSION = YES;
				CLANG_WARN_NON_LITERAL_NULL_CONVERSION = YES;
				CLANG_WARN_OBJC_IMPLICIT_RETAIN_SELF = YES;
				CLANG_WARN_OBJC_LITERAL_CONVERSION = YES;
				CLANG_WARN_OBJC_ROOT_CLASS = YES_ERROR;
				CLANG_WARN_QUOTED_INCLUDE_IN_FRAMEWORK_HEADER = YES;
				CLANG_WARN_RANGE_LOOP_ANALYSIS = YES;
				CLANG_WARN_STRICT_PROTOTYPES = YES;
				CLANG_WARN_SUSPICIOUS_MOVE = YES;
				CLANG_WARN_UNGUARDED_AVAILABILITY = YES_AGGRESSIVE;
				CLANG_WARN_UNREACHABLE_CODE = YES;
				CLANG_WARN__DUPLICATE_METHOD_MATCH = YES;
				COPY_PHASE_STRIP = NO;
				DEBUG_INFORMATION_FORMAT = dwarf;
				ENABLE_STRICT_OBJC_MSGSEND = YES;
				ENABLE_TESTABILITY = YES;
				GCC_C_LANGUAGE_STANDARD = gnu11;
				GCC_DYNAMIC_NO_PIC = NO;
				GCC_NO_COMMON_BLOCKS = YES;
				GCC_OPTIMIZATION_LEVEL = 0;
				GCC_PREPROCESSOR_DEFINITIONS = (
					"DEBUG=1",
					"$(inherited)",
				);
				GCC_WARN_64_TO_32_BIT_CONVERSION = YES;
				GCC_WARN_ABOUT_RETURN_TYPE = YES_ERROR;
				GCC_WARN_UNDECLARED_SELECTOR = YES;
				GCC_WARN_UNINITIALIZED_AUTOS = YES_AGGRESSIVE;
				GCC_WARN_UNUSED_FUNCTION = YES;
				GCC_WARN_UNUSED_VARIABLE = YES;
				IPHONEOS_DEPLOYMENT_TARGET = 14.3;
				MTL_ENABLE_DEBUG_INFO = INCLUDE_SOURCE;
				MTL_FAST_MATH = YES;
				ONLY_ACTIVE_ARCH = YES;
				SDKROOT = iphoneos;
				SWIFT_ACTIVE_COMPILATION_CONDITIONS = DEBUG;
				SWIFT_OPTIMIZATION_LEVEL = "-Onone";
			};
			name = Debug;
		};
		9E0AC592259E510900CC7451 /* Release */ = {
			isa = XCBuildConfiguration;
			buildSettings = {
				ALWAYS_SEARCH_USER_PATHS = NO;
				CLANG_ANALYZER_NONNULL = YES;
				CLANG_ANALYZER_NUMBER_OBJECT_CONVERSION = YES_AGGRESSIVE;
				CLANG_CXX_LANGUAGE_STANDARD = "gnu++14";
				CLANG_CXX_LIBRARY = "libc++";
				CLANG_ENABLE_MODULES = YES;
				CLANG_ENABLE_OBJC_ARC = YES;
				CLANG_ENABLE_OBJC_WEAK = YES;
				CLANG_WARN_BLOCK_CAPTURE_AUTORELEASING = YES;
				CLANG_WARN_BOOL_CONVERSION = YES;
				CLANG_WARN_COMMA = YES;
				CLANG_WARN_CONSTANT_CONVERSION = YES;
				CLANG_WARN_DEPRECATED_OBJC_IMPLEMENTATIONS = YES;
				CLANG_WARN_DIRECT_OBJC_ISA_USAGE = YES_ERROR;
				CLANG_WARN_DOCUMENTATION_COMMENTS = YES;
				CLANG_WARN_EMPTY_BODY = YES;
				CLANG_WARN_ENUM_CONVERSION = YES;
				CLANG_WARN_INFINITE_RECURSION = YES;
				CLANG_WARN_INT_CONVERSION = YES;
				CLANG_WARN_NON_LITERAL_NULL_CONVERSION = YES;
				CLANG_WARN_OBJC_IMPLICIT_RETAIN_SELF = YES;
				CLANG_WARN_OBJC_LITERAL_CONVERSION = YES;
				CLANG_WARN_OBJC_ROOT_CLASS = YES_ERROR;
				CLANG_WARN_QUOTED_INCLUDE_IN_FRAMEWORK_HEADER = YES;
				CLANG_WARN_RANGE_LOOP_ANALYSIS = YES;
				CLANG_WARN_STRICT_PROTOTYPES = YES;
				CLANG_WARN_SUSPICIOUS_MOVE = YES;
				CLANG_WARN_UNGUARDED_AVAILABILITY = YES_AGGRESSIVE;
				CLANG_WARN_UNREACHABLE_CODE = YES;
				CLANG_WARN__DUPLICATE_METHOD_MATCH = YES;
				COPY_PHASE_STRIP = NO;
				DEBUG_INFORMATION_FORMAT = "dwarf-with-dsym";
				ENABLE_NS_ASSERTIONS = NO;
				ENABLE_STRICT_OBJC_MSGSEND = YES;
				GCC_C_LANGUAGE_STANDARD = gnu11;
				GCC_NO_COMMON_BLOCKS = YES;
				GCC_WARN_64_TO_32_BIT_CONVERSION = YES;
				GCC_WARN_ABOUT_RETURN_TYPE = YES_ERROR;
				GCC_WARN_UNDECLARED_SELECTOR = YES;
				GCC_WARN_UNINITIALIZED_AUTOS = YES_AGGRESSIVE;
				GCC_WARN_UNUSED_FUNCTION = YES;
				GCC_WARN_UNUSED_VARIABLE = YES;
				IPHONEOS_DEPLOYMENT_TARGET = 14.3;
				MTL_ENABLE_DEBUG_INFO = NO;
				MTL_FAST_MATH = YES;
				SDKROOT = iphoneos;
				SWIFT_COMPILATION_MODE = wholemodule;
				SWIFT_OPTIMIZATION_LEVEL = "-O";
				VALIDATE_PRODUCT = YES;
			};
			name = Release;
		};
		9E0AC594259E510900CC7451 /* Debug */ = {
			isa = XCBuildConfiguration;
			buildSettings = {
				ASSETCATALOG_COMPILER_APPICON_NAME = AppIcon;
				ASSETCATALOG_COMPILER_GLOBAL_ACCENT_COLOR_NAME = AccentColor;
				CODE_SIGN_STYLE = Automatic;
				INFOPLIST_FILE = "Preword Project/Info.plist";
				LD_RUNPATH_SEARCH_PATHS = (
					"$(inherited)",
					"@executable_path/Frameworks",
				);
				PRODUCT_BUNDLE_IDENTIFIER = "codepath.Preword-Project";
				PRODUCT_NAME = "$(TARGET_NAME)";
				SWIFT_VERSION = 5.0;
				TARGETED_DEVICE_FAMILY = "1,2";
			};
			name = Debug;
		};
		9E0AC595259E510900CC7451 /* Release */ = {
			isa = XCBuildConfiguration;
			buildSettings = {
				ASSETCATALOG_COMPILER_APPICON_NAME = AppIcon;
				ASSETCATALOG_COMPILER_GLOBAL_ACCENT_COLOR_NAME = AccentColor;
				CODE_SIGN_STYLE = Automatic;
				INFOPLIST_FILE = "Preword Project/Info.plist";
				LD_RUNPATH_SEARCH_PATHS = (
					"$(inherited)",
					"@executable_path/Frameworks",
				);
				PRODUCT_BUNDLE_IDENTIFIER = "codepath.Preword-Project";
				PRODUCT_NAME = "$(TARGET_NAME)";
				SWIFT_VERSION = 5.0;
				TARGETED_DEVICE_FAMILY = "1,2";
			};
			name = Release;
		};
		9E0AC597259E510900CC7451 /* Debug */ = {
			isa = XCBuildConfiguration;
			buildSettings = {
				ALWAYS_EMBED_SWIFT_STANDARD_LIBRARIES = YES;
				BUNDLE_LOADER = "$(TEST_HOST)";
				CODE_SIGN_STYLE = Automatic;
				INFOPLIST_FILE = "Preword ProjectTests/Info.plist";
				IPHONEOS_DEPLOYMENT_TARGET = 14.3;
				LD_RUNPATH_SEARCH_PATHS = (
					"$(inherited)",
					"@executable_path/Frameworks",
					"@loader_path/Frameworks",
				);
				PRODUCT_BUNDLE_IDENTIFIER = "codepath.Preword-ProjectTests";
				PRODUCT_NAME = "$(TARGET_NAME)";
				SWIFT_VERSION = 5.0;
				TARGETED_DEVICE_FAMILY = "1,2";
				TEST_HOST = "$(BUILT_PRODUCTS_DIR)/Preword Project.app/Preword Project";
			};
			name = Debug;
		};
		9E0AC598259E510900CC7451 /* Release */ = {
			isa = XCBuildConfiguration;
			buildSettings = {
				ALWAYS_EMBED_SWIFT_STANDARD_LIBRARIES = YES;
				BUNDLE_LOADER = "$(TEST_HOST)";
				CODE_SIGN_STYLE = Automatic;
				INFOPLIST_FILE = "Preword ProjectTests/Info.plist";
				IPHONEOS_DEPLOYMENT_TARGET = 14.3;
				LD_RUNPATH_SEARCH_PATHS = (
					"$(inherited)",
					"@executable_path/Frameworks",
					"@loader_path/Frameworks",
				);
				PRODUCT_BUNDLE_IDENTIFIER = "codepath.Preword-ProjectTests";
				PRODUCT_NAME = "$(TARGET_NAME)";
				SWIFT_VERSION = 5.0;
				TARGETED_DEVICE_FAMILY = "1,2";
				TEST_HOST = "$(BUILT_PRODUCTS_DIR)/Preword Project.app/Preword Project";
			};
			name = Release;
		};
		9E0AC59A259E510900CC7451 /* Debug */ = {
			isa = XCBuildConfiguration;
			buildSettings = {
				ALWAYS_EMBED_SWIFT_STANDARD_LIBRARIES = YES;
				CODE_SIGN_STYLE = Automatic;
				INFOPLIST_FILE = "Preword ProjectUITests/Info.plist";
				LD_RUNPATH_SEARCH_PATHS = (
					"$(inherited)",
					"@executable_path/Frameworks",
					"@loader_path/Frameworks",
				);
				PRODUCT_BUNDLE_IDENTIFIER = "codepath.Preword-ProjectUITests";
				PRODUCT_NAME = "$(TARGET_NAME)";
				SWIFT_VERSION = 5.0;
				TARGETED_DEVICE_FAMILY = "1,2";
				TEST_TARGET_NAME = "Preword Project";
			};
			name = Debug;
		};
		9E0AC59B259E510900CC7451 /* Release */ = {
			isa = XCBuildConfiguration;
			buildSettings = {
				ALWAYS_EMBED_SWIFT_STANDARD_LIBRARIES = YES;
				CODE_SIGN_STYLE = Automatic;
				INFOPLIST_FILE = "Preword ProjectUITests/Info.plist";
				LD_RUNPATH_SEARCH_PATHS = (
					"$(inherited)",
					"@executable_path/Frameworks",
					"@loader_path/Frameworks",
				);
				PRODUCT_BUNDLE_IDENTIFIER = "codepath.Preword-ProjectUITests";
				PRODUCT_NAME = "$(TARGET_NAME)";
				SWIFT_VERSION = 5.0;
				TARGETED_DEVICE_FAMILY = "1,2";
				TEST_TARGET_NAME = "Preword Project";
			};
			name = Release;
		};
/* End XCBuildConfiguration section */

/* Begin XCConfigurationList section */
		9E0AC564259E510800CC7451 /* Build configuration list for PBXProject "Preword Project" */ = {
			isa = XCConfigurationList;
			buildConfigurations = (
				9E0AC591259E510900CC7451 /* Debug */,
				9E0AC592259E510900CC7451 /* Release */,
			);
			defaultConfigurationIsVisible = 0;
			defaultConfigurationName = Release;
		};
		9E0AC593259E510900CC7451 /* Build configuration list for PBXNativeTarget "Preword Project" */ = {
			isa = XCConfigurationList;
			buildConfigurations = (
				9E0AC594259E510900CC7451 /* Debug */,
				9E0AC595259E510900CC7451 /* Release */,
			);
			defaultConfigurationIsVisible = 0;
			defaultConfigurationName = Release;
		};
		9E0AC596259E510900CC7451 /* Build configuration list for PBXNativeTarget "Preword ProjectTests" */ = {
			isa = XCConfigurationList;
			buildConfigurations = (
				9E0AC597259E510900CC7451 /* Debug */,
				9E0AC598259E510900CC7451 /* Release */,
			);
			defaultConfigurationIsVisible = 0;
			defaultConfigurationName = Release;
		};
		9E0AC599259E510900CC7451 /* Build configuration list for PBXNativeTarget "Preword ProjectUITests" */ = {
			isa = XCConfigurationList;
			buildConfigurations = (
				9E0AC59A259E510900CC7451 /* Debug */,
				9E0AC59B259E510900CC7451 /* Release */,
			);
			defaultConfigurationIsVisible = 0;
			defaultConfigurationName = Release;
		};
/* End XCConfigurationList section */
	};
	rootObject = 9E0AC561259E510800CC7451 /* Project object */;
}
